// !$*UTF8*$!
{
	archiveVersion = 1;
	classes = {
	};
	objectVersion = 50;
	objects = {

/* Begin PBXBuildFile section */
		0A28F0AAB6FE405AF40A6DA2 /* Pods_FoxPlanner_beta.framework in Frameworks */ = {isa = PBXBuildFile; fileRef = 3E34CBA5F5D26FCD25841FE7 /* Pods_FoxPlanner_beta.framework */; };
		5B1A363E2201BF48003AE0E3 /* MainMenuTableViewController.swift in Sources */ = {isa = PBXBuildFile; fileRef = 5B1A363D2201BF48003AE0E3 /* MainMenuTableViewController.swift */; };
		5B4CE9EB220C3CFC0033913B /* Extension_UIViewController.swift in Sources */ = {isa = PBXBuildFile; fileRef = 5B4CE9EA220C3CFC0033913B /* Extension_UIViewController.swift */; };
		5B4CE9ED220C3D140033913B /* Extension_String.swift in Sources */ = {isa = PBXBuildFile; fileRef = 5B4CE9EC220C3D140033913B /* Extension_String.swift */; };
		5B6FF5032224F5610090EBD2 /* LoginTest.swift in Sources */ = {isa = PBXBuildFile; fileRef = 5B6FF5022224F5610090EBD2 /* LoginTest.swift */; };
		5B6FF5052224F5780090EBD2 /* SignupTest.swift in Sources */ = {isa = PBXBuildFile; fileRef = 5B6FF5042224F5780090EBD2 /* SignupTest.swift */; };
		5B6FF5072224F58A0090EBD2 /* ProfileTest.swift in Sources */ = {isa = PBXBuildFile; fileRef = 5B6FF5062224F58A0090EBD2 /* ProfileTest.swift */; };
		5B6FF5092224F5A30090EBD2 /* AccountTest.swift in Sources */ = {isa = PBXBuildFile; fileRef = 5B6FF5082224F5A30090EBD2 /* AccountTest.swift */; };
		5B6FF50B2224F5B00090EBD2 /* TimetableTest.swift in Sources */ = {isa = PBXBuildFile; fileRef = 5B6FF50A2224F5B00090EBD2 /* TimetableTest.swift */; };
		5B6FF50D2224F5BB0090EBD2 /* CourseTest.swift in Sources */ = {isa = PBXBuildFile; fileRef = 5B6FF50C2224F5BB0090EBD2 /* CourseTest.swift */; };
		5B6FF50F2224F5DA0090EBD2 /* Extension_StringTest.swift in Sources */ = {isa = PBXBuildFile; fileRef = 5B6FF50E2224F5DA0090EBD2 /* Extension_StringTest.swift */; };
		5B9CF44D21FE92C300548561 /* Account.swift in Sources */ = {isa = PBXBuildFile; fileRef = 5B9CF44C21FE92C300548561 /* Account.swift */; };
		5BA9257121EF5701002095DE /* LocalData.swift in Sources */ = {isa = PBXBuildFile; fileRef = 5BA9257021EF5701002095DE /* LocalData.swift */; };
		5BB145852202C379001F9A74 /* ProfileViewController.swift in Sources */ = {isa = PBXBuildFile; fileRef = 5BB145842202C379001F9A74 /* ProfileViewController.swift */; };
		5BBC15052203D8D40079D55D /* Timetable.swift in Sources */ = {isa = PBXBuildFile; fileRef = 5BBC15042203D8D40079D55D /* Timetable.swift */; };
		5BD792212210E75900735C63 /* Login.swift in Sources */ = {isa = PBXBuildFile; fileRef = 5BD792202210E75900735C63 /* Login.swift */; };
		5BD792232211003000735C63 /* Signup.swift in Sources */ = {isa = PBXBuildFile; fileRef = 5BD792222211003000735C63 /* Signup.swift */; };
		5BD79225221100B400735C63 /* AccountError.swift in Sources */ = {isa = PBXBuildFile; fileRef = 5BD79224221100B400735C63 /* AccountError.swift */; };
		5BD7922722110E9A00735C63 /* Profile.swift in Sources */ = {isa = PBXBuildFile; fileRef = 5BD7922622110E9A00735C63 /* Profile.swift */; };
		5BD7922B221131BC00735C63 /* Course.swift in Sources */ = {isa = PBXBuildFile; fileRef = 5BD7922A221131BC00735C63 /* Course.swift */; };
		5BD7922D221131F300735C63 /* DayName.swift in Sources */ = {isa = PBXBuildFile; fileRef = 5BD7922C221131F300735C63 /* DayName.swift */; };
		F20966D521DA29A600FAB359 /* AppDelegate.swift in Sources */ = {isa = PBXBuildFile; fileRef = F20966D421DA29A600FAB359 /* AppDelegate.swift */; };
		F20966DA21DA29A600FAB359 /* Main.storyboard in Resources */ = {isa = PBXBuildFile; fileRef = F20966D821DA29A600FAB359 /* Main.storyboard */; };
		F20966DD21DA29A600FAB359 /* FoxPlanner_beta.xcdatamodeld in Sources */ = {isa = PBXBuildFile; fileRef = F20966DB21DA29A600FAB359 /* FoxPlanner_beta.xcdatamodeld */; };
		F20966DF21DA29A700FAB359 /* Assets.xcassets in Resources */ = {isa = PBXBuildFile; fileRef = F20966DE21DA29A700FAB359 /* Assets.xcassets */; };
		F20966E221DA29A700FAB359 /* LaunchScreen.storyboard in Resources */ = {isa = PBXBuildFile; fileRef = F20966E021DA29A700FAB359 /* LaunchScreen.storyboard */; };
		F20966ED21DA29A700FAB359 /* FoxPlanner_betaTests.swift in Sources */ = {isa = PBXBuildFile; fileRef = F20966EC21DA29A700FAB359 /* FoxPlanner_betaTests.swift */; };
		F20966F821DA29A700FAB359 /* FoxPlanner_betaUITests.swift in Sources */ = {isa = PBXBuildFile; fileRef = F20966F721DA29A700FAB359 /* FoxPlanner_betaUITests.swift */; };
		F209670A21DA29FD00FAB359 /* starting.png in Resources */ = {isa = PBXBuildFile; fileRef = F209670721DA29FD00FAB359 /* starting.png */; };
		F209670B21DA29FD00FAB359 /* make_shecdule.png in Resources */ = {isa = PBXBuildFile; fileRef = F209670821DA29FD00FAB359 /* make_shecdule.png */; };
		F209670C21DA29FD00FAB359 /* logo.png in Resources */ = {isa = PBXBuildFile; fileRef = F209670921DA29FD00FAB359 /* logo.png */; };
		F209671021DA2EB400FAB359 /* LoginViewController.swift in Sources */ = {isa = PBXBuildFile; fileRef = F209670F21DA2EB400FAB359 /* LoginViewController.swift */; };
		F209671221DA2FE800FAB359 /* SignupViewController.swift in Sources */ = {isa = PBXBuildFile; fileRef = F209671121DA2FE800FAB359 /* SignupViewController.swift */; };
/* End PBXBuildFile section */

/* Begin PBXContainerItemProxy section */
		F20966E921DA29A700FAB359 /* PBXContainerItemProxy */ = {
			isa = PBXContainerItemProxy;
			containerPortal = F20966C921DA29A600FAB359 /* Project object */;
			proxyType = 1;
			remoteGlobalIDString = F20966D021DA29A600FAB359;
			remoteInfo = FoxPlanner_beta;
		};
		F20966F421DA29A700FAB359 /* PBXContainerItemProxy */ = {
			isa = PBXContainerItemProxy;
			containerPortal = F20966C921DA29A600FAB359 /* Project object */;
			proxyType = 1;
			remoteGlobalIDString = F20966D021DA29A600FAB359;
			remoteInfo = FoxPlanner_beta;
		};
/* End PBXContainerItemProxy section */

/* Begin PBXFileReference section */
		3AFA2FF26F26F067271EABA9 /* Pods-FoxPlanner_beta.debug.xcconfig */ = {isa = PBXFileReference; includeInIndex = 1; lastKnownFileType = text.xcconfig; name = "Pods-FoxPlanner_beta.debug.xcconfig"; path = "Pods/Target Support Files/Pods-FoxPlanner_beta/Pods-FoxPlanner_beta.debug.xcconfig"; sourceTree = "<group>"; };
		3E34CBA5F5D26FCD25841FE7 /* Pods_FoxPlanner_beta.framework */ = {isa = PBXFileReference; explicitFileType = wrapper.framework; includeInIndex = 0; path = Pods_FoxPlanner_beta.framework; sourceTree = BUILT_PRODUCTS_DIR; };
		50FDE9F6215C2DD42E06AAAC /* Pods-FoxPlanner_beta.release.xcconfig */ = {isa = PBXFileReference; includeInIndex = 1; lastKnownFileType = text.xcconfig; name = "Pods-FoxPlanner_beta.release.xcconfig"; path = "Pods/Target Support Files/Pods-FoxPlanner_beta/Pods-FoxPlanner_beta.release.xcconfig"; sourceTree = "<group>"; };
		5B1A363D2201BF48003AE0E3 /* MainMenuTableViewController.swift */ = {isa = PBXFileReference; lastKnownFileType = sourcecode.swift; path = MainMenuTableViewController.swift; sourceTree = "<group>"; };
		5B4CE9EA220C3CFC0033913B /* Extension_UIViewController.swift */ = {isa = PBXFileReference; lastKnownFileType = sourcecode.swift; path = Extension_UIViewController.swift; sourceTree = "<group>"; };
		5B4CE9EC220C3D140033913B /* Extension_String.swift */ = {isa = PBXFileReference; lastKnownFileType = sourcecode.swift; path = Extension_String.swift; sourceTree = "<group>"; };
		5B6FF5022224F5610090EBD2 /* LoginTest.swift */ = {isa = PBXFileReference; lastKnownFileType = sourcecode.swift; path = LoginTest.swift; sourceTree = "<group>"; };
		5B6FF5042224F5780090EBD2 /* SignupTest.swift */ = {isa = PBXFileReference; lastKnownFileType = sourcecode.swift; path = SignupTest.swift; sourceTree = "<group>"; };
		5B6FF5062224F58A0090EBD2 /* ProfileTest.swift */ = {isa = PBXFileReference; lastKnownFileType = sourcecode.swift; path = ProfileTest.swift; sourceTree = "<group>"; };
		5B6FF5082224F5A30090EBD2 /* AccountTest.swift */ = {isa = PBXFileReference; lastKnownFileType = sourcecode.swift; path = AccountTest.swift; sourceTree = "<group>"; };
		5B6FF50A2224F5B00090EBD2 /* TimetableTest.swift */ = {isa = PBXFileReference; lastKnownFileType = sourcecode.swift; path = TimetableTest.swift; sourceTree = "<group>"; };
		5B6FF50C2224F5BB0090EBD2 /* CourseTest.swift */ = {isa = PBXFileReference; lastKnownFileType = sourcecode.swift; path = CourseTest.swift; sourceTree = "<group>"; };
		5B6FF50E2224F5DA0090EBD2 /* Extension_StringTest.swift */ = {isa = PBXFileReference; lastKnownFileType = sourcecode.swift; path = Extension_StringTest.swift; sourceTree = "<group>"; };
		5B9CF44C21FE92C300548561 /* Account.swift */ = {isa = PBXFileReference; lastKnownFileType = sourcecode.swift; path = Account.swift; sourceTree = "<group>"; };
		5BA9257021EF5701002095DE /* LocalData.swift */ = {isa = PBXFileReference; fileEncoding = 4; lastKnownFileType = sourcecode.swift; path = LocalData.swift; sourceTree = "<group>"; };
		5BB145842202C379001F9A74 /* ProfileViewController.swift */ = {isa = PBXFileReference; lastKnownFileType = sourcecode.swift; path = ProfileViewController.swift; sourceTree = "<group>"; };
		5BBC15042203D8D40079D55D /* Timetable.swift */ = {isa = PBXFileReference; lastKnownFileType = sourcecode.swift; path = Timetable.swift; sourceTree = "<group>"; };
		5BD792202210E75900735C63 /* Login.swift */ = {isa = PBXFileReference; lastKnownFileType = sourcecode.swift; path = Login.swift; sourceTree = "<group>"; };
		5BD792222211003000735C63 /* Signup.swift */ = {isa = PBXFileReference; lastKnownFileType = sourcecode.swift; path = Signup.swift; sourceTree = "<group>"; };
		5BD79224221100B400735C63 /* AccountError.swift */ = {isa = PBXFileReference; lastKnownFileType = sourcecode.swift; path = AccountError.swift; sourceTree = "<group>"; };
		5BD7922622110E9A00735C63 /* Profile.swift */ = {isa = PBXFileReference; lastKnownFileType = sourcecode.swift; path = Profile.swift; sourceTree = "<group>"; };
		5BD7922A221131BC00735C63 /* Course.swift */ = {isa = PBXFileReference; lastKnownFileType = sourcecode.swift; path = Course.swift; sourceTree = "<group>"; };
		5BD7922C221131F300735C63 /* DayName.swift */ = {isa = PBXFileReference; lastKnownFileType = sourcecode.swift; path = DayName.swift; sourceTree = "<group>"; };
		F20966D121DA29A600FAB359 /* FoxPlanner_beta.app */ = {isa = PBXFileReference; explicitFileType = wrapper.application; includeInIndex = 0; path = FoxPlanner_beta.app; sourceTree = BUILT_PRODUCTS_DIR; };
		F20966D421DA29A600FAB359 /* AppDelegate.swift */ = {isa = PBXFileReference; lastKnownFileType = sourcecode.swift; path = AppDelegate.swift; sourceTree = "<group>"; };
		F20966D921DA29A600FAB359 /* Base */ = {isa = PBXFileReference; lastKnownFileType = file.storyboard; name = Base; path = Base.lproj/Main.storyboard; sourceTree = "<group>"; };
		F20966DC21DA29A600FAB359 /* FoxPlanner_beta.xcdatamodel */ = {isa = PBXFileReference; lastKnownFileType = wrapper.xcdatamodel; path = FoxPlanner_beta.xcdatamodel; sourceTree = "<group>"; };
		F20966DE21DA29A700FAB359 /* Assets.xcassets */ = {isa = PBXFileReference; lastKnownFileType = folder.assetcatalog; path = Assets.xcassets; sourceTree = "<group>"; };
		F20966E121DA29A700FAB359 /* Base */ = {isa = PBXFileReference; lastKnownFileType = file.storyboard; name = Base; path = Base.lproj/LaunchScreen.storyboard; sourceTree = "<group>"; };
		F20966E321DA29A700FAB359 /* Info.plist */ = {isa = PBXFileReference; lastKnownFileType = text.plist.xml; path = Info.plist; sourceTree = "<group>"; };
		F20966E821DA29A700FAB359 /* FoxPlanner_betaTests.xctest */ = {isa = PBXFileReference; explicitFileType = wrapper.cfbundle; includeInIndex = 0; path = FoxPlanner_betaTests.xctest; sourceTree = BUILT_PRODUCTS_DIR; };
		F20966EC21DA29A700FAB359 /* FoxPlanner_betaTests.swift */ = {isa = PBXFileReference; lastKnownFileType = sourcecode.swift; path = FoxPlanner_betaTests.swift; sourceTree = "<group>"; };
		F20966EE21DA29A700FAB359 /* Info.plist */ = {isa = PBXFileReference; lastKnownFileType = text.plist.xml; path = Info.plist; sourceTree = "<group>"; };
		F20966F321DA29A700FAB359 /* FoxPlanner_betaUITests.xctest */ = {isa = PBXFileReference; explicitFileType = wrapper.cfbundle; includeInIndex = 0; path = FoxPlanner_betaUITests.xctest; sourceTree = BUILT_PRODUCTS_DIR; };
		F20966F721DA29A700FAB359 /* FoxPlanner_betaUITests.swift */ = {isa = PBXFileReference; lastKnownFileType = sourcecode.swift; path = FoxPlanner_betaUITests.swift; sourceTree = "<group>"; };
		F20966F921DA29A700FAB359 /* Info.plist */ = {isa = PBXFileReference; lastKnownFileType = text.plist.xml; path = Info.plist; sourceTree = "<group>"; };
		F209670721DA29FD00FAB359 /* starting.png */ = {isa = PBXFileReference; lastKnownFileType = image.png; path = starting.png; sourceTree = "<group>"; };
		F209670821DA29FD00FAB359 /* make_shecdule.png */ = {isa = PBXFileReference; lastKnownFileType = image.png; path = make_shecdule.png; sourceTree = "<group>"; };
		F209670921DA29FD00FAB359 /* logo.png */ = {isa = PBXFileReference; lastKnownFileType = image.png; path = logo.png; sourceTree = "<group>"; };
		F209670F21DA2EB400FAB359 /* LoginViewController.swift */ = {isa = PBXFileReference; lastKnownFileType = sourcecode.swift; path = LoginViewController.swift; sourceTree = "<group>"; };
		F209671121DA2FE800FAB359 /* SignupViewController.swift */ = {isa = PBXFileReference; lastKnownFileType = sourcecode.swift; path = SignupViewController.swift; sourceTree = "<group>"; };
/* End PBXFileReference section */

/* Begin PBXFrameworksBuildPhase section */
		F20966CE21DA29A600FAB359 /* Frameworks */ = {
			isa = PBXFrameworksBuildPhase;
			buildActionMask = 2147483647;
			files = (
				0A28F0AAB6FE405AF40A6DA2 /* Pods_FoxPlanner_beta.framework in Frameworks */,
			);
			runOnlyForDeploymentPostprocessing = 0;
		};
		F20966E521DA29A700FAB359 /* Frameworks */ = {
			isa = PBXFrameworksBuildPhase;
			buildActionMask = 2147483647;
			files = (
			);
			runOnlyForDeploymentPostprocessing = 0;
		};
		F20966F021DA29A700FAB359 /* Frameworks */ = {
			isa = PBXFrameworksBuildPhase;
			buildActionMask = 2147483647;
			files = (
			);
			runOnlyForDeploymentPostprocessing = 0;
		};
/* End PBXFrameworksBuildPhase section */

/* Begin PBXGroup section */
		0352E643CD7141C8B8A0B3CA /* Pods */ = {
			isa = PBXGroup;
			children = (
				3AFA2FF26F26F067271EABA9 /* Pods-FoxPlanner_beta.debug.xcconfig */,
				50FDE9F6215C2DD42E06AAAC /* Pods-FoxPlanner_beta.release.xcconfig */,
			);
			name = Pods;
			sourceTree = "<group>";
		};
		67C80ABEC3E0F33891AA62BE /* Frameworks */ = {
			isa = PBXGroup;
			children = (
				3E34CBA5F5D26FCD25841FE7 /* Pods_FoxPlanner_beta.framework */,
			);
			name = Frameworks;
			sourceTree = "<group>";
		};
		F20966C821DA29A600FAB359 = {
			isa = PBXGroup;
			children = (
				F20966D321DA29A600FAB359 /* FoxPlanner_beta */,
				F20966EB21DA29A700FAB359 /* FoxPlanner_betaTests */,
				F20966F621DA29A700FAB359 /* FoxPlanner_betaUITests */,
				F20966D221DA29A600FAB359 /* Products */,
				0352E643CD7141C8B8A0B3CA /* Pods */,
				67C80ABEC3E0F33891AA62BE /* Frameworks */,
			);
			sourceTree = "<group>";
		};
		F20966D221DA29A600FAB359 /* Products */ = {
			isa = PBXGroup;
			children = (
				F20966D121DA29A600FAB359 /* FoxPlanner_beta.app */,
				F20966E821DA29A700FAB359 /* FoxPlanner_betaTests.xctest */,
				F20966F321DA29A700FAB359 /* FoxPlanner_betaUITests.xctest */,
			);
			name = Products;
			sourceTree = "<group>";
		};
		F20966D321DA29A600FAB359 /* FoxPlanner_beta */ = {
			isa = PBXGroup;
			children = (
				F209670621DA29C100FAB359 /* etc */,
				F209670521DA29B800FAB359 /* res */,
				F20966D421DA29A600FAB359 /* AppDelegate.swift */,
				F20966D821DA29A600FAB359 /* Main.storyboard */,
				5BD792202210E75900735C63 /* Login.swift */,
				F209670F21DA2EB400FAB359 /* LoginViewController.swift */,
				5BD792222211003000735C63 /* Signup.swift */,
				F209671121DA2FE800FAB359 /* SignupViewController.swift */,
				5B1A363D2201BF48003AE0E3 /* MainMenuTableViewController.swift */,
				5BD7922622110E9A00735C63 /* Profile.swift */,
				5BB145842202C379001F9A74 /* ProfileViewController.swift */,
				5BA9257021EF5701002095DE /* LocalData.swift */,
				5B9CF44C21FE92C300548561 /* Account.swift */,
				5BD79224221100B400735C63 /* AccountError.swift */,
				5BBC15042203D8D40079D55D /* Timetable.swift */,
				5BD7922A221131BC00735C63 /* Course.swift */,
				5BD7922C221131F300735C63 /* DayName.swift */,
				5B4CE9EA220C3CFC0033913B /* Extension_UIViewController.swift */,
				5B4CE9EC220C3D140033913B /* Extension_String.swift */,
				F20966E021DA29A700FAB359 /* LaunchScreen.storyboard */,
				F20966E321DA29A700FAB359 /* Info.plist */,
				F20966DE21DA29A700FAB359 /* Assets.xcassets */,
				F20966DB21DA29A600FAB359 /* FoxPlanner_beta.xcdatamodeld */,
			);
			path = FoxPlanner_beta;
			sourceTree = "<group>";
		};
		F20966EB21DA29A700FAB359 /* FoxPlanner_betaTests */ = {
			isa = PBXGroup;
			children = (
				F20966EC21DA29A700FAB359 /* FoxPlanner_betaTests.swift */,
				F20966EE21DA29A700FAB359 /* Info.plist */,
				5B6FF5022224F5610090EBD2 /* LoginTest.swift */,
				5B6FF5042224F5780090EBD2 /* SignupTest.swift */,
				5B6FF5062224F58A0090EBD2 /* ProfileTest.swift */,
				5B6FF5082224F5A30090EBD2 /* AccountTest.swift */,
				5B6FF50A2224F5B00090EBD2 /* TimetableTest.swift */,
				5B6FF50C2224F5BB0090EBD2 /* CourseTest.swift */,
				5B6FF50E2224F5DA0090EBD2 /* Extension_StringTest.swift */,
			);
			path = FoxPlanner_betaTests;
			sourceTree = "<group>";
		};
		F20966F621DA29A700FAB359 /* FoxPlanner_betaUITests */ = {
			isa = PBXGroup;
			children = (
				F20966F721DA29A700FAB359 /* FoxPlanner_betaUITests.swift */,
				F20966F921DA29A700FAB359 /* Info.plist */,
			);
			path = FoxPlanner_betaUITests;
			sourceTree = "<group>";
		};
		F209670521DA29B800FAB359 /* res */ = {
			isa = PBXGroup;
			children = (
				F209670921DA29FD00FAB359 /* logo.png */,
				F209670821DA29FD00FAB359 /* make_shecdule.png */,
				F209670721DA29FD00FAB359 /* starting.png */,
			);
			path = res;
			sourceTree = "<group>";
		};
		F209670621DA29C100FAB359 /* etc */ = {
			isa = PBXGroup;
			children = (
			);
			path = etc;
			sourceTree = "<group>";
		};
/* End PBXGroup section */

/* Begin PBXNativeTarget section */
		F20966D021DA29A600FAB359 /* FoxPlanner_beta */ = {
			isa = PBXNativeTarget;
			buildConfigurationList = F20966FC21DA29A700FAB359 /* Build configuration list for PBXNativeTarget "FoxPlanner_beta" */;
			buildPhases = (
				4B3041F666B277E6D228812A /* [CP] Check Pods Manifest.lock */,
				F20966CD21DA29A600FAB359 /* Sources */,
				F20966CE21DA29A600FAB359 /* Frameworks */,
				F20966CF21DA29A600FAB359 /* Resources */,
				4D76D6CC2D4500A0CE35D81F /* [CP] Embed Pods Frameworks */,
			);
			buildRules = (
			);
			dependencies = (
			);
			name = FoxPlanner_beta;
			productName = FoxPlanner_beta;
			productReference = F20966D121DA29A600FAB359 /* FoxPlanner_beta.app */;
			productType = "com.apple.product-type.application";
		};
		F20966E721DA29A700FAB359 /* FoxPlanner_betaTests */ = {
			isa = PBXNativeTarget;
			buildConfigurationList = F20966FF21DA29A700FAB359 /* Build configuration list for PBXNativeTarget "FoxPlanner_betaTests" */;
			buildPhases = (
				F20966E421DA29A700FAB359 /* Sources */,
				F20966E521DA29A700FAB359 /* Frameworks */,
				F20966E621DA29A700FAB359 /* Resources */,
			);
			buildRules = (
			);
			dependencies = (
				F20966EA21DA29A700FAB359 /* PBXTargetDependency */,
			);
			name = FoxPlanner_betaTests;
			productName = FoxPlanner_betaTests;
			productReference = F20966E821DA29A700FAB359 /* FoxPlanner_betaTests.xctest */;
			productType = "com.apple.product-type.bundle.unit-test";
		};
		F20966F221DA29A700FAB359 /* FoxPlanner_betaUITests */ = {
			isa = PBXNativeTarget;
			buildConfigurationList = F209670221DA29A700FAB359 /* Build configuration list for PBXNativeTarget "FoxPlanner_betaUITests" */;
			buildPhases = (
				F20966EF21DA29A700FAB359 /* Sources */,
				F20966F021DA29A700FAB359 /* Frameworks */,
				F20966F121DA29A700FAB359 /* Resources */,
			);
			buildRules = (
			);
			dependencies = (
				F20966F521DA29A700FAB359 /* PBXTargetDependency */,
			);
			name = FoxPlanner_betaUITests;
			productName = FoxPlanner_betaUITests;
			productReference = F20966F321DA29A700FAB359 /* FoxPlanner_betaUITests.xctest */;
			productType = "com.apple.product-type.bundle.ui-testing";
		};
/* End PBXNativeTarget section */

/* Begin PBXProject section */
		F20966C921DA29A600FAB359 /* Project object */ = {
			isa = PBXProject;
			attributes = {
				LastSwiftUpdateCheck = 1010;
				LastUpgradeCheck = 1010;
				ORGANIZATIONNAME = "Seunghyun Lee";
				TargetAttributes = {
					F20966D021DA29A600FAB359 = {
						CreatedOnToolsVersion = 10.1;
					};
					F20966E721DA29A700FAB359 = {
						CreatedOnToolsVersion = 10.1;
						TestTargetID = F20966D021DA29A600FAB359;
					};
					F20966F221DA29A700FAB359 = {
						CreatedOnToolsVersion = 10.1;
						TestTargetID = F20966D021DA29A600FAB359;
					};
				};
			};
			buildConfigurationList = F20966CC21DA29A600FAB359 /* Build configuration list for PBXProject "FoxPlanner_beta" */;
			compatibilityVersion = "Xcode 9.3";
			developmentRegion = en;
			hasScannedForEncodings = 0;
			knownRegions = (
				en,
				Base,
			);
			mainGroup = F20966C821DA29A600FAB359;
			productRefGroup = F20966D221DA29A600FAB359 /* Products */;
			projectDirPath = "";
			projectRoot = "";
			targets = (
				F20966D021DA29A600FAB359 /* FoxPlanner_beta */,
				F20966E721DA29A700FAB359 /* FoxPlanner_betaTests */,
				F20966F221DA29A700FAB359 /* FoxPlanner_betaUITests */,
			);
		};
/* End PBXProject section */

/* Begin PBXResourcesBuildPhase section */
		F20966CF21DA29A600FAB359 /* Resources */ = {
			isa = PBXResourcesBuildPhase;
			buildActionMask = 2147483647;
			files = (
				F20966E221DA29A700FAB359 /* LaunchScreen.storyboard in Resources */,
				F20966DF21DA29A700FAB359 /* Assets.xcassets in Resources */,
				F209670C21DA29FD00FAB359 /* logo.png in Resources */,
				F20966DA21DA29A600FAB359 /* Main.storyboard in Resources */,
				F209670B21DA29FD00FAB359 /* make_shecdule.png in Resources */,
				F209670A21DA29FD00FAB359 /* starting.png in Resources */,
			);
			runOnlyForDeploymentPostprocessing = 0;
		};
		F20966E621DA29A700FAB359 /* Resources */ = {
			isa = PBXResourcesBuildPhase;
			buildActionMask = 2147483647;
			files = (
			);
			runOnlyForDeploymentPostprocessing = 0;
		};
		F20966F121DA29A700FAB359 /* Resources */ = {
			isa = PBXResourcesBuildPhase;
			buildActionMask = 2147483647;
			files = (
			);
			runOnlyForDeploymentPostprocessing = 0;
		};
/* End PBXResourcesBuildPhase section */

/* Begin PBXShellScriptBuildPhase section */
		4B3041F666B277E6D228812A /* [CP] Check Pods Manifest.lock */ = {
			isa = PBXShellScriptBuildPhase;
			buildActionMask = 2147483647;
			files = (
			);
			inputFileListPaths = (
			);
			inputPaths = (
				"${PODS_PODFILE_DIR_PATH}/Podfile.lock",
				"${PODS_ROOT}/Manifest.lock",
			);
			name = "[CP] Check Pods Manifest.lock";
			outputFileListPaths = (
			);
			outputPaths = (
				"$(DERIVED_FILE_DIR)/Pods-FoxPlanner_beta-checkManifestLockResult.txt",
			);
			runOnlyForDeploymentPostprocessing = 0;
			shellPath = /bin/sh;
			shellScript = "diff \"${PODS_PODFILE_DIR_PATH}/Podfile.lock\" \"${PODS_ROOT}/Manifest.lock\" > /dev/null\nif [ $? != 0 ] ; then\n    # print error to STDERR\n    echo \"error: The sandbox is not in sync with the Podfile.lock. Run 'pod install' or update your CocoaPods installation.\" >&2\n    exit 1\nfi\n# This output is used by Xcode 'outputs' to avoid re-running this script phase.\necho \"SUCCESS\" > \"${SCRIPT_OUTPUT_FILE_0}\"\n";
			showEnvVarsInLog = 0;
		};
		4D76D6CC2D4500A0CE35D81F /* [CP] Embed Pods Frameworks */ = {
			isa = PBXShellScriptBuildPhase;
			buildActionMask = 2147483647;
			files = (
			);
			inputFileListPaths = (
			);
			inputPaths = (
				"${PODS_ROOT}/Target Support Files/Pods-FoxPlanner_beta/Pods-FoxPlanner_beta-frameworks.sh",
				"${BUILT_PRODUCTS_DIR}/Alamofire/Alamofire.framework",
			);
			name = "[CP] Embed Pods Frameworks";
			outputFileListPaths = (
			);
			outputPaths = (
				"${TARGET_BUILD_DIR}/${FRAMEWORKS_FOLDER_PATH}/Alamofire.framework",
			);
			runOnlyForDeploymentPostprocessing = 0;
			shellPath = /bin/sh;
			shellScript = "\"${PODS_ROOT}/Target Support Files/Pods-FoxPlanner_beta/Pods-FoxPlanner_beta-frameworks.sh\"\n";
			showEnvVarsInLog = 0;
		};
/* End PBXShellScriptBuildPhase section */

/* Begin PBXSourcesBuildPhase section */
		F20966CD21DA29A600FAB359 /* Sources */ = {
			isa = PBXSourcesBuildPhase;
			buildActionMask = 2147483647;
			files = (
				F209671021DA2EB400FAB359 /* LoginViewController.swift in Sources */,
				5BD7922722110E9A00735C63 /* Profile.swift in Sources */,
				5BBC15052203D8D40079D55D /* Timetable.swift in Sources */,
				F20966D521DA29A600FAB359 /* AppDelegate.swift in Sources */,
				5BD792212210E75900735C63 /* Login.swift in Sources */,
				5BD7922B221131BC00735C63 /* Course.swift in Sources */,
				F20966DD21DA29A600FAB359 /* FoxPlanner_beta.xcdatamodeld in Sources */,
				5BA9257121EF5701002095DE /* LocalData.swift in Sources */,
				5B9CF44D21FE92C300548561 /* Account.swift in Sources */,
				5BD792232211003000735C63 /* Signup.swift in Sources */,
				5BB145852202C379001F9A74 /* ProfileViewController.swift in Sources */,
				5BD7922D221131F300735C63 /* DayName.swift in Sources */,
				5B1A363E2201BF48003AE0E3 /* MainMenuTableViewController.swift in Sources */,
				5B4CE9ED220C3D140033913B /* Extension_String.swift in Sources */,
				5B4CE9EB220C3CFC0033913B /* Extension_UIViewController.swift in Sources */,
				5BD79225221100B400735C63 /* AccountError.swift in Sources */,
				F209671221DA2FE800FAB359 /* SignupViewController.swift in Sources */,
			);
			runOnlyForDeploymentPostprocessing = 0;
		};
		F20966E421DA29A700FAB359 /* Sources */ = {
			isa = PBXSourcesBuildPhase;
			buildActionMask = 2147483647;
			files = (
				5B6FF5072224F58A0090EBD2 /* ProfileTest.swift in Sources */,
				5B6FF5092224F5A30090EBD2 /* AccountTest.swift in Sources */,
				5B6FF5032224F5610090EBD2 /* LoginTest.swift in Sources */,
				5B6FF50F2224F5DA0090EBD2 /* Extension_StringTest.swift in Sources */,
				5B6FF5052224F5780090EBD2 /* SignupTest.swift in Sources */,
				5B6FF50D2224F5BB0090EBD2 /* CourseTest.swift in Sources */,
				F20966ED21DA29A700FAB359 /* FoxPlanner_betaTests.swift in Sources */,
				5B6FF50B2224F5B00090EBD2 /* TimetableTest.swift in Sources */,
			);
			runOnlyForDeploymentPostprocessing = 0;
		};
		F20966EF21DA29A700FAB359 /* Sources */ = {
			isa = PBXSourcesBuildPhase;
			buildActionMask = 2147483647;
			files = (
				F20966F821DA29A700FAB359 /* FoxPlanner_betaUITests.swift in Sources */,
			);
			runOnlyForDeploymentPostprocessing = 0;
		};
/* End PBXSourcesBuildPhase section */

/* Begin PBXTargetDependency section */
		F20966EA21DA29A700FAB359 /* PBXTargetDependency */ = {
			isa = PBXTargetDependency;
			target = F20966D021DA29A600FAB359 /* FoxPlanner_beta */;
			targetProxy = F20966E921DA29A700FAB359 /* PBXContainerItemProxy */;
		};
		F20966F521DA29A700FAB359 /* PBXTargetDependency */ = {
			isa = PBXTargetDependency;
			target = F20966D021DA29A600FAB359 /* FoxPlanner_beta */;
			targetProxy = F20966F421DA29A700FAB359 /* PBXContainerItemProxy */;
		};
/* End PBXTargetDependency section */

/* Begin PBXVariantGroup section */
		F20966D821DA29A600FAB359 /* Main.storyboard */ = {
			isa = PBXVariantGroup;
			children = (
				F20966D921DA29A600FAB359 /* Base */,
			);
			name = Main.storyboard;
			sourceTree = "<group>";
		};
		F20966E021DA29A700FAB359 /* LaunchScreen.storyboard */ = {
			isa = PBXVariantGroup;
			children = (
				F20966E121DA29A700FAB359 /* Base */,
			);
			name = LaunchScreen.storyboard;
			sourceTree = "<group>";
		};
/* End PBXVariantGroup section */

/* Begin XCBuildConfiguration section */
		F20966FA21DA29A700FAB359 /* Debug */ = {
			isa = XCBuildConfiguration;
			buildSettings = {
				ALWAYS_SEARCH_USER_PATHS = NO;
				CLANG_ANALYZER_NONNULL = YES;
				CLANG_ANALYZER_NUMBER_OBJECT_CONVERSION = YES_AGGRESSIVE;
				CLANG_CXX_LANGUAGE_STANDARD = "gnu++14";
				CLANG_CXX_LIBRARY = "libc++";
				CLANG_ENABLE_MODULES = YES;
				CLANG_ENABLE_OBJC_ARC = YES;
				CLANG_ENABLE_OBJC_WEAK = YES;
				CLANG_WARN_BLOCK_CAPTURE_AUTORELEASING = YES;
				CLANG_WARN_BOOL_CONVERSION = YES;
				CLANG_WARN_COMMA = YES;
				CLANG_WARN_CONSTANT_CONVERSION = YES;
				CLANG_WARN_DEPRECATED_OBJC_IMPLEMENTATIONS = YES;
				CLANG_WARN_DIRECT_OBJC_ISA_USAGE = YES_ERROR;
				CLANG_WARN_DOCUMENTATION_COMMENTS = YES;
				CLANG_WARN_EMPTY_BODY = YES;
				CLANG_WARN_ENUM_CONVERSION = YES;
				CLANG_WARN_INFINITE_RECURSION = YES;
				CLANG_WARN_INT_CONVERSION = YES;
				CLANG_WARN_NON_LITERAL_NULL_CONVERSION = YES;
				CLANG_WARN_OBJC_IMPLICIT_RETAIN_SELF = YES;
				CLANG_WARN_OBJC_LITERAL_CONVERSION = YES;
				CLANG_WARN_OBJC_ROOT_CLASS = YES_ERROR;
				CLANG_WARN_RANGE_LOOP_ANALYSIS = YES;
				CLANG_WARN_STRICT_PROTOTYPES = YES;
				CLANG_WARN_SUSPICIOUS_MOVE = YES;
				CLANG_WARN_UNGUARDED_AVAILABILITY = YES_AGGRESSIVE;
				CLANG_WARN_UNREACHABLE_CODE = YES;
				CLANG_WARN__DUPLICATE_METHOD_MATCH = YES;
				CODE_SIGN_IDENTITY = "iPhone Developer";
				COPY_PHASE_STRIP = NO;
				DEBUG_INFORMATION_FORMAT = dwarf;
				ENABLE_STRICT_OBJC_MSGSEND = YES;
				ENABLE_TESTABILITY = YES;
				GCC_C_LANGUAGE_STANDARD = gnu11;
				GCC_DYNAMIC_NO_PIC = NO;
				GCC_NO_COMMON_BLOCKS = YES;
				GCC_OPTIMIZATION_LEVEL = 0;
				GCC_PREPROCESSOR_DEFINITIONS = (
					"DEBUG=1",
					"$(inherited)",
				);
				GCC_WARN_64_TO_32_BIT_CONVERSION = YES;
				GCC_WARN_ABOUT_RETURN_TYPE = YES_ERROR;
				GCC_WARN_UNDECLARED_SELECTOR = YES;
				GCC_WARN_UNINITIALIZED_AUTOS = YES_AGGRESSIVE;
				GCC_WARN_UNUSED_FUNCTION = YES;
				GCC_WARN_UNUSED_VARIABLE = YES;
				IPHONEOS_DEPLOYMENT_TARGET = 12.1;
				MTL_ENABLE_DEBUG_INFO = INCLUDE_SOURCE;
				MTL_FAST_MATH = YES;
				ONLY_ACTIVE_ARCH = YES;
				SDKROOT = iphoneos;
				SWIFT_ACTIVE_COMPILATION_CONDITIONS = DEBUG;
				SWIFT_OPTIMIZATION_LEVEL = "-Onone";
			};
			name = Debug;
		};
		F20966FB21DA29A700FAB359 /* Release */ = {
			isa = XCBuildConfiguration;
			buildSettings = {
				ALWAYS_SEARCH_USER_PATHS = NO;
				CLANG_ANALYZER_NONNULL = YES;
				CLANG_ANALYZER_NUMBER_OBJECT_CONVERSION = YES_AGGRESSIVE;
				CLANG_CXX_LANGUAGE_STANDARD = "gnu++14";
				CLANG_CXX_LIBRARY = "libc++";
				CLANG_ENABLE_MODULES = YES;
				CLANG_ENABLE_OBJC_ARC = YES;
				CLANG_ENABLE_OBJC_WEAK = YES;
				CLANG_WARN_BLOCK_CAPTURE_AUTORELEASING = YES;
				CLANG_WARN_BOOL_CONVERSION = YES;
				CLANG_WARN_COMMA = YES;
				CLANG_WARN_CONSTANT_CONVERSION = YES;
				CLANG_WARN_DEPRECATED_OBJC_IMPLEMENTATIONS = YES;
				CLANG_WARN_DIRECT_OBJC_ISA_USAGE = YES_ERROR;
				CLANG_WARN_DOCUMENTATION_COMMENTS = YES;
				CLANG_WARN_EMPTY_BODY = YES;
				CLANG_WARN_ENUM_CONVERSION = YES;
				CLANG_WARN_INFINITE_RECURSION = YES;
				CLANG_WARN_INT_CONVERSION = YES;
				CLANG_WARN_NON_LITERAL_NULL_CONVERSION = YES;
				CLANG_WARN_OBJC_IMPLICIT_RETAIN_SELF = YES;
				CLANG_WARN_OBJC_LITERAL_CONVERSION = YES;
				CLANG_WARN_OBJC_ROOT_CLASS = YES_ERROR;
				CLANG_WARN_RANGE_LOOP_ANALYSIS = YES;
				CLANG_WARN_STRICT_PROTOTYPES = YES;
				CLANG_WARN_SUSPICIOUS_MOVE = YES;
				CLANG_WARN_UNGUARDED_AVAILABILITY = YES_AGGRESSIVE;
				CLANG_WARN_UNREACHABLE_CODE = YES;
				CLANG_WARN__DUPLICATE_METHOD_MATCH = YES;
				CODE_SIGN_IDENTITY = "iPhone Developer";
				COPY_PHASE_STRIP = NO;
				DEBUG_INFORMATION_FORMAT = "dwarf-with-dsym";
				ENABLE_NS_ASSERTIONS = NO;
				ENABLE_STRICT_OBJC_MSGSEND = YES;
				GCC_C_LANGUAGE_STANDARD = gnu11;
				GCC_NO_COMMON_BLOCKS = YES;
				GCC_WARN_64_TO_32_BIT_CONVERSION = YES;
				GCC_WARN_ABOUT_RETURN_TYPE = YES_ERROR;
				GCC_WARN_UNDECLARED_SELECTOR = YES;
				GCC_WARN_UNINITIALIZED_AUTOS = YES_AGGRESSIVE;
				GCC_WARN_UNUSED_FUNCTION = YES;
				GCC_WARN_UNUSED_VARIABLE = YES;
				IPHONEOS_DEPLOYMENT_TARGET = 12.1;
				MTL_ENABLE_DEBUG_INFO = NO;
				MTL_FAST_MATH = YES;
				SDKROOT = iphoneos;
				SWIFT_COMPILATION_MODE = wholemodule;
				SWIFT_OPTIMIZATION_LEVEL = "-O";
				VALIDATE_PRODUCT = YES;
			};
			name = Release;
		};
		F20966FD21DA29A700FAB359 /* Debug */ = {
			isa = XCBuildConfiguration;
			baseConfigurationReference = 3AFA2FF26F26F067271EABA9 /* Pods-FoxPlanner_beta.debug.xcconfig */;
			buildSettings = {
				ASSETCATALOG_COMPILER_APPICON_NAME = AppIcon;
				CODE_SIGN_STYLE = Automatic;
				DEVELOPMENT_TEAM = HR4FC5ZJ77;
				INFOPLIST_FILE = FoxPlanner_beta/Info.plist;
				LD_RUNPATH_SEARCH_PATHS = (
					"$(inherited)",
					"@executable_path/Frameworks",
				);
				PRODUCT_BUNDLE_IDENTIFIER = "com.shlee.FoxPlanner-beta";
				PRODUCT_NAME = "$(TARGET_NAME)";
				SWIFT_VERSION = 4.2;
				TARGETED_DEVICE_FAMILY = "1,2";
			};
			name = Debug;
		};
		F20966FE21DA29A700FAB359 /* Release */ = {
			isa = XCBuildConfiguration;
			baseConfigurationReference = 50FDE9F6215C2DD42E06AAAC /* Pods-FoxPlanner_beta.release.xcconfig */;
			buildSettings = {
				ASSETCATALOG_COMPILER_APPICON_NAME = AppIcon;
				CODE_SIGN_STYLE = Automatic;
				DEVELOPMENT_TEAM = HR4FC5ZJ77;
				INFOPLIST_FILE = FoxPlanner_beta/Info.plist;
				LD_RUNPATH_SEARCH_PATHS = (
					"$(inherited)",
					"@executable_path/Frameworks",
				);
				PRODUCT_BUNDLE_IDENTIFIER = "com.shlee.FoxPlanner-beta";
				PRODUCT_NAME = "$(TARGET_NAME)";
				SWIFT_VERSION = 4.2;
				TARGETED_DEVICE_FAMILY = "1,2";
			};
			name = Release;
		};
		F209670021DA29A700FAB359 /* Debug */ = {
			isa = XCBuildConfiguration;
			buildSettings = {
				ALWAYS_EMBED_SWIFT_STANDARD_LIBRARIES = YES;
				BUNDLE_LOADER = "$(TEST_HOST)";
				CODE_SIGN_STYLE = Automatic;
				INFOPLIST_FILE = FoxPlanner_betaTests/Info.plist;
				LD_RUNPATH_SEARCH_PATHS = (
					"$(inherited)",
					"@executable_path/Frameworks",
					"@loader_path/Frameworks",
				);
				PRODUCT_BUNDLE_IDENTIFIER = "com.shlee.FoxPlanner-betaTests";
				PRODUCT_NAME = "$(TARGET_NAME)";
				SWIFT_VERSION = 4.2;
				TARGETED_DEVICE_FAMILY = "1,2";
				TEST_HOST = "$(BUILT_PRODUCTS_DIR)/FoxPlanner_beta.app/FoxPlanner_beta";
			};
			name = Debug;
		};
		F209670121DA29A700FAB359 /* Release */ = {
			isa = XCBuildConfiguration;
			buildSettings = {
				ALWAYS_EMBED_SWIFT_STANDARD_LIBRARIES = YES;
				BUNDLE_LOADER = "$(TEST_HOST)";
				CODE_SIGN_STYLE = Automatic;
				INFOPLIST_FILE = FoxPlanner_betaTests/Info.plist;
				LD_RUNPATH_SEARCH_PATHS = (
					"$(inherited)",
					"@executable_path/Frameworks",
					"@loader_path/Frameworks",
				);
				PRODUCT_BUNDLE_IDENTIFIER = "com.shlee.FoxPlanner-betaTests";
				PRODUCT_NAME = "$(TARGET_NAME)";
				SWIFT_VERSION = 4.2;
				TARGETED_DEVICE_FAMILY = "1,2";
				TEST_HOST = "$(BUILT_PRODUCTS_DIR)/FoxPlanner_beta.app/FoxPlanner_beta";
			};
			name = Release;
		};
		F209670321DA29A700FAB359 /* Debug */ = {
			isa = XCBuildConfiguration;
			buildSettings = {
				ALWAYS_EMBED_SWIFT_STANDARD_LIBRARIES = YES;
				CODE_SIGN_STYLE = Automatic;
				INFOPLIST_FILE = FoxPlanner_betaUITests/Info.plist;
				LD_RUNPATH_SEARCH_PATHS = (
					"$(inherited)",
					"@executable_path/Frameworks",
					"@loader_path/Frameworks",
				);
				PRODUCT_BUNDLE_IDENTIFIER = "com.shlee.FoxPlanner-betaUITests";
				PRODUCT_NAME = "$(TARGET_NAME)";
				SWIFT_VERSION = 4.2;
				TARGETED_DEVICE_FAMILY = "1,2";
				TEST_TARGET_NAME = FoxPlanner_beta;
			};
			name = Debug;
		};
		F209670421DA29A700FAB359 /* Release */ = {
			isa = XCBuildConfiguration;
			buildSettings = {
				ALWAYS_EMBED_SWIFT_STANDARD_LIBRARIES = YES;
				CODE_SIGN_STYLE = Automatic;
				INFOPLIST_FILE = FoxPlanner_betaUITests/Info.plist;
				LD_RUNPATH_SEARCH_PATHS = (
					"$(inherited)",
					"@executable_path/Frameworks",
					"@loader_path/Frameworks",
				);
				PRODUCT_BUNDLE_IDENTIFIER = "com.shlee.FoxPlanner-betaUITests";
				PRODUCT_NAME = "$(TARGET_NAME)";
				SWIFT_VERSION = 4.2;
				TARGETED_DEVICE_FAMILY = "1,2";
				TEST_TARGET_NAME = FoxPlanner_beta;
			};
			name = Release;
		};
/* End XCBuildConfiguration section */

/* Begin XCConfigurationList section */
		F20966CC21DA29A600FAB359 /* Build configuration list for PBXProject "FoxPlanner_beta" */ = {
			isa = XCConfigurationList;
			buildConfigurations = (
				F20966FA21DA29A700FAB359 /* Debug */,
				F20966FB21DA29A700FAB359 /* Release */,
			);
			defaultConfigurationIsVisible = 0;
			defaultConfigurationName = Release;
		};
		F20966FC21DA29A700FAB359 /* Build configuration list for PBXNativeTarget "FoxPlanner_beta" */ = {
			isa = XCConfigurationList;
			buildConfigurations = (
				F20966FD21DA29A700FAB359 /* Debug */,
				F20966FE21DA29A700FAB359 /* Release */,
			);
			defaultConfigurationIsVisible = 0;
			defaultConfigurationName = Release;
		};
		F20966FF21DA29A700FAB359 /* Build configuration list for PBXNativeTarget "FoxPlanner_betaTests" */ = {
			isa = XCConfigurationList;
			buildConfigurations = (
				F209670021DA29A700FAB359 /* Debug */,
				F209670121DA29A700FAB359 /* Release */,
			);
			defaultConfigurationIsVisible = 0;
			defaultConfigurationName = Release;
		};
		F209670221DA29A700FAB359 /* Build configuration list for PBXNativeTarget "FoxPlanner_betaUITests" */ = {
			isa = XCConfigurationList;
			buildConfigurations = (
				F209670321DA29A700FAB359 /* Debug */,
				F209670421DA29A700FAB359 /* Release */,
			);
			defaultConfigurationIsVisible = 0;
			defaultConfigurationName = Release;
		};
/* End XCConfigurationList section */

/* Begin XCVersionGroup section */
		F20966DB21DA29A600FAB359 /* FoxPlanner_beta.xcdatamodeld */ = {
			isa = XCVersionGroup;
			children = (
				F20966DC21DA29A600FAB359 /* FoxPlanner_beta.xcdatamodel */,
			);
			currentVersion = F20966DC21DA29A600FAB359 /* FoxPlanner_beta.xcdatamodel */;
			path = FoxPlanner_beta.xcdatamodeld;
			sourceTree = "<group>";
			versionGroupType = wrapper.xcdatamodel;
		};
/* End XCVersionGroup section */
	};
	rootObject = F20966C921DA29A600FAB359 /* Project object */;
}
